<?xml version="1.0" encoding="UTF-8"?>
<CodeBlocks_project_file>
	<FileVersion major="1" minor="6"/>
	<Project>
		<Option title="IntranetFileTransfer"/>
		<Option makefile_is_custom="1"/>
		<Option compiler="gcc"/>
		<Option virtualFolders="CMake Files\;"/>
		<Build>
			<Target title="all">
				<Option working_dir="/home/rmurphy/Projects/IntranetFileTransfer"/>
				<Option type="4"/>
				<MakeCommands>
					<Build command="/usr/bin/make -f &quot;/home/rmurphy/Projects/IntranetFileTransfer/Makefile&quot;  VERBOSE=1 all"/>
					<CompileFile command="/usr/bin/make -f &quot;/home/rmurphy/Projects/IntranetFileTransfer/Makefile&quot;  VERBOSE=1 &quot;$file&quot;"/>
					<Clean command="/usr/bin/make -f &quot;/home/rmurphy/Projects/IntranetFileTransfer/Makefile&quot;  VERBOSE=1 clean"/>
					<DistClean command="/usr/bin/make -f &quot;/home/rmurphy/Projects/IntranetFileTransfer/Makefile&quot;  VERBOSE=1 clean"/>
				</MakeCommands>
			</Target>
			<Target title="edit_cache">
				<Option working_dir="/home/rmurphy/Projects/IntranetFileTransfer"/>
				<Option type="4"/>
				<MakeCommands>
					<Build command="/usr/bin/make -f &quot;/home/rmurphy/Projects/IntranetFileTransfer/Makefile&quot;  VERBOSE=1 edit_cache"/>
					<CompileFile command="/usr/bin/make -f &quot;/home/rmurphy/Projects/IntranetFileTransfer/Makefile&quot;  VERBOSE=1 &quot;$file&quot;"/>
					<Clean command="/usr/bin/make -f &quot;/home/rmurphy/Projects/IntranetFileTransfer/Makefile&quot;  VERBOSE=1 clean"/>
					<DistClean command="/usr/bin/make -f &quot;/home/rmurphy/Projects/IntranetFileTransfer/Makefile&quot;  VERBOSE=1 clean"/>
				</MakeCommands>
			</Target>
			<Target title="ift">
				<Option output="/home/rmurphy/Projects/IntranetFileTransfer/ift" prefix_auto="0" extension_auto="0"/>
				<Option working_dir="/home/rmurphy/Projects/IntranetFileTransfer"/>
				<Option object_output="./"/>
				<Option type="1"/>
				<Option compiler="gcc"/>
				<Compiler/>
				<MakeCommands>
					<Build command="/usr/bin/make -f &quot;/home/rmurphy/Projects/IntranetFileTransfer/Makefile&quot;  VERBOSE=1 ift"/>
					<CompileFile command="/usr/bin/make -f &quot;/home/rmurphy/Projects/IntranetFileTransfer/Makefile&quot;  VERBOSE=1 &quot;$file&quot;"/>
					<Clean command="/usr/bin/make -f &quot;/home/rmurphy/Projects/IntranetFileTransfer/Makefile&quot;  VERBOSE=1 clean"/>
					<DistClean command="/usr/bin/make -f &quot;/home/rmurphy/Projects/IntranetFileTransfer/Makefile&quot;  VERBOSE=1 clean"/>
				</MakeCommands>
			</Target>
			<Target title="ift/fast">
				<Option output="/home/rmurphy/Projects/IntranetFileTransfer/ift" prefix_auto="0" extension_auto="0"/>
				<Option working_dir="/home/rmurphy/Projects/IntranetFileTransfer"/>
				<Option object_output="./"/>
				<Option type="1"/>
				<Option compiler="gcc"/>
				<Compiler/>
				<MakeCommands>
					<Build command="/usr/bin/make -f &quot;/home/rmurphy/Projects/IntranetFileTransfer/Makefile&quot;  VERBOSE=1 ift/fast"/>
					<CompileFile command="/usr/bin/make -f &quot;/home/rmurphy/Projects/IntranetFileTransfer/Makefile&quot;  VERBOSE=1 &quot;$file&quot;"/>
					<Clean command="/usr/bin/make -f &quot;/home/rmurphy/Projects/IntranetFileTransfer/Makefile&quot;  VERBOSE=1 clean"/>
					<DistClean command="/usr/bin/make -f &quot;/home/rmurphy/Projects/IntranetFileTransfer/Makefile&quot;  VERBOSE=1 clean"/>
				</MakeCommands>
			</Target>
			<Target title="rebuild_cache">
				<Option working_dir="/home/rmurphy/Projects/IntranetFileTransfer"/>
				<Option type="4"/>
				<MakeCommands>
					<Build command="/usr/bin/make -f &quot;/home/rmurphy/Projects/IntranetFileTransfer/Makefile&quot;  VERBOSE=1 rebuild_cache"/>
					<CompileFile command="/usr/bin/make -f &quot;/home/rmurphy/Projects/IntranetFileTransfer/Makefile&quot;  VERBOSE=1 &quot;$file&quot;"/>
					<Clean command="/usr/bin/make -f &quot;/home/rmurphy/Projects/IntranetFileTransfer/Makefile&quot;  VERBOSE=1 clean"/>
					<DistClean command="/usr/bin/make -f &quot;/home/rmurphy/Projects/IntranetFileTransfer/Makefile&quot;  VERBOSE=1 clean"/>
				</MakeCommands>
			</Target>
			<Target title="IntranetFileTransfer">
				<Option output="/home/rmurphy/Projects/IntranetFileTransfer/IntranetFileTransfer" prefix_auto="0" extension_auto="0"/>
				<Option working_dir="/home/rmurphy/Projects/IntranetFileTransfer"/>
				<Option object_output="./"/>
				<Option type="1"/>
				<Option compiler="gcc"/>
				<Compiler/>
				<MakeCommands>
					<Build command="/usr/bin/make -f &quot;/home/rmurphy/Projects/IntranetFileTransfer/Makefile&quot;  VERBOSE=1 IntranetFileTransfer"/>
					<CompileFile command="/usr/bin/make -f &quot;/home/rmurphy/Projects/IntranetFileTransfer/Makefile&quot;  VERBOSE=1 &quot;$file&quot;"/>
					<Clean command="/usr/bin/make -f &quot;/home/rmurphy/Projects/IntranetFileTransfer/Makefile&quot;  VERBOSE=1 clean"/>
					<DistClean command="/usr/bin/make -f &quot;/home/rmurphy/Projects/IntranetFileTransfer/Makefile&quot;  VERBOSE=1 clean"/>
				</MakeCommands>
			</Target>
			<Target title="IntranetFileTransfer/fast">
				<Option output="/home/rmurphy/Projects/IntranetFileTransfer/IntranetFileTransfer" prefix_auto="0" extension_auto="0"/>
				<Option working_dir="/home/rmurphy/Projects/IntranetFileTransfer"/>
				<Option object_output="./"/>
				<Option type="1"/>
				<Option compiler="gcc"/>
				<Compiler/>
				<MakeCommands>
					<Build command="/usr/bin/make -f &quot;/home/rmurphy/Projects/IntranetFileTransfer/Makefile&quot;  VERBOSE=1 IntranetFileTransfer/fast"/>
					<CompileFile command="/usr/bin/make -f &quot;/home/rmurphy/Projects/IntranetFileTransfer/Makefile&quot;  VERBOSE=1 &quot;$file&quot;"/>
					<Clean command="/usr/bin/make -f &quot;/home/rmurphy/Projects/IntranetFileTransfer/Makefile&quot;  VERBOSE=1 clean"/>
					<DistClean command="/usr/bin/make -f &quot;/home/rmurphy/Projects/IntranetFileTransfer/Makefile&quot;  VERBOSE=1 clean"/>
				</MakeCommands>
			</Target>
		</Build>
		<Unit filename="/home/rmurphy/Projects/IntranetFileTransfer/client/main.c">
			<Option target="ift"/>
		</Unit>
		<Unit filename="/home/rmurphy/Projects/IntranetFileTransfer/server/connection_handler.h">
			<Option target="IntranetFileTransfer"/>
		</Unit>
		<Unit filename="/home/rmurphy/Projects/IntranetFileTransfer/server/daemonize.h">
			<Option target="IntranetFileTransfer"/>
		</Unit>
		<Unit filename="/home/rmurphy/Projects/IntranetFileTransfer/server/main.c">
			<Option target="IntranetFileTransfer"/>
		</Unit>
		<Unit filename="/home/rmurphy/Projects/IntranetFileTransfer/CMakeLists.txt">
			<Option virtualFolder="CMake Files\"/>
		</Unit>
	</Project>
</CodeBlocks_project_file>
